// !$*UTF8*$!
{
	archiveVersion = 1;
	classes = {
	};
	objectVersion = 46;
	objects = {

/* Begin PBXBuildFile section */
		D139242119F305630055FFD7 /* LoginVC.swift in Sources */ = {isa = PBXBuildFile; fileRef = D139242019F305630055FFD7 /* LoginVC.swift */; };
		D139242319F307590055FFD7 /* SignupVC.swift in Sources */ = {isa = PBXBuildFile; fileRef = D139242219F307590055FFD7 /* SignupVC.swift */; };
		D1710C0419EC73DC00DBE281 /* AppDelegate.swift in Sources */ = {isa = PBXBuildFile; fileRef = D1710C0319EC73DC00DBE281 /* AppDelegate.swift */; };
		D1710C0619EC73DC00DBE281 /* ViewController.swift in Sources */ = {isa = PBXBuildFile; fileRef = D1710C0519EC73DC00DBE281 /* ViewController.swift */; };
		D1710C0919EC73DC00DBE281 /* Main.storyboard in Resources */ = {isa = PBXBuildFile; fileRef = D1710C0719EC73DC00DBE281 /* Main.storyboard */; };
		D1710C0B19EC73DC00DBE281 /* Images.xcassets in Resources */ = {isa = PBXBuildFile; fileRef = D1710C0A19EC73DC00DBE281 /* Images.xcassets */; };
		D1710C0E19EC73DC00DBE281 /* LaunchScreen.xib in Resources */ = {isa = PBXBuildFile; fileRef = D1710C0C19EC73DC00DBE281 /* LaunchScreen.xib */; };
		D1710C1A19EC73DC00DBE281 /* StudyBuddyTests.swift in Sources */ = {isa = PBXBuildFile; fileRef = D1710C1919EC73DC00DBE281 /* StudyBuddyTests.swift */; };
/* End PBXBuildFile section */

/* Begin PBXContainerItemProxy section */
		D1710C1419EC73DC00DBE281 /* PBXContainerItemProxy */ = {
			isa = PBXContainerItemProxy;
			containerPortal = D1710BF619EC73DC00DBE281 /* Project object */;
			proxyType = 1;
			remoteGlobalIDString = D1710BFD19EC73DC00DBE281;
			remoteInfo = StudyBuddy;
		};
/* End PBXContainerItemProxy section */

/* Begin PBXFileReference section */
		D139242019F305630055FFD7 /* LoginVC.swift */ = {isa = PBXFileReference; fileEncoding = 4; lastKnownFileType = sourcecode.swift; path = LoginVC.swift; sourceTree = "<group>"; };
		D139242219F307590055FFD7 /* SignupVC.swift */ = {isa = PBXFileReference; fileEncoding = 4; lastKnownFileType = sourcecode.swift; path = SignupVC.swift; sourceTree = "<group>"; };
		D1710BFE19EC73DC00DBE281 /* StudyBuddy.app */ = {isa = PBXFileReference; explicitFileType = wrapper.application; includeInIndex = 0; path = StudyBuddy.app; sourceTree = BUILT_PRODUCTS_DIR; };
		D1710C0219EC73DC00DBE281 /* Info.plist */ = {isa = PBXFileReference; lastKnownFileType = text.plist.xml; path = Info.plist; sourceTree = "<group>"; };
		D1710C0319EC73DC00DBE281 /* AppDelegate.swift */ = {isa = PBXFileReference; lastKnownFileType = sourcecode.swift; path = AppDelegate.swift; sourceTree = "<group>"; };
		D1710C0519EC73DC00DBE281 /* ViewController.swift */ = {isa = PBXFileReference; lastKnownFileType = sourcecode.swift; path = ViewController.swift; sourceTree = "<group>"; };
		D1710C0819EC73DC00DBE281 /* Base */ = {isa = PBXFileReference; lastKnownFileType = file.storyboard; name = Base; path = Base.lproj/Main.storyboard; sourceTree = "<group>"; };
		D1710C0A19EC73DC00DBE281 /* Images.xcassets */ = {isa = PBXFileReference; lastKnownFileType = folder.assetcatalog; path = Images.xcassets; sourceTree = "<group>"; };
		D1710C0D19EC73DC00DBE281 /* Base */ = {isa = PBXFileReference; lastKnownFileType = file.xib; name = Base; path = Base.lproj/LaunchScreen.xib; sourceTree = "<group>"; };
		D1710C1319EC73DC00DBE281 /* StudyBuddyTests.xctest */ = {isa = PBXFileReference; explicitFileType = wrapper.cfbundle; includeInIndex = 0; path = StudyBuddyTests.xctest; sourceTree = BUILT_PRODUCTS_DIR; };
		D1710C1819EC73DC00DBE281 /* Info.plist */ = {isa = PBXFileReference; lastKnownFileType = text.plist.xml; path = Info.plist; sourceTree = "<group>"; };
		D1710C1919EC73DC00DBE281 /* StudyBuddyTests.swift */ = {isa = PBXFileReference; lastKnownFileType = sourcecode.swift; path = StudyBuddyTests.swift; sourceTree = "<group>"; };
/* End PBXFileReference section */

/* Begin PBXFrameworksBuildPhase section */
		D1710BFB19EC73DC00DBE281 /* Frameworks */ = {
			isa = PBXFrameworksBuildPhase;
			buildActionMask = 2147483647;
			files = (
			);
			runOnlyForDeploymentPostprocessing = 0;
		};
		D1710C1019EC73DC00DBE281 /* Frameworks */ = {
			isa = PBXFrameworksBuildPhase;
			buildActionMask = 2147483647;
			files = (
			);
			runOnlyForDeploymentPostprocessing = 0;
		};
/* End PBXFrameworksBuildPhase section */

/* Begin PBXGroup section */
		D1710BF519EC73DC00DBE281 = {
			isa = PBXGroup;
			children = (
				D1710C0019EC73DC00DBE281 /* StudyBuddy */,
				D1710C1619EC73DC00DBE281 /* StudyBuddyTests */,
				D1710BFF19EC73DC00DBE281 /* Products */,
			);
			sourceTree = "<group>";
		};
		D1710BFF19EC73DC00DBE281 /* Products */ = {
			isa = PBXGroup;
			children = (
				D1710BFE19EC73DC00DBE281 /* StudyBuddy.app */,
				D1710C1319EC73DC00DBE281 /* StudyBuddyTests.xctest */,
			);
			name = Products;
			sourceTree = "<group>";
		};
		D1710C0019EC73DC00DBE281 /* StudyBuddy */ = {
			isa = PBXGroup;
			children = (
				D1710C0319EC73DC00DBE281 /* AppDelegate.swift */,
				D1710C0519EC73DC00DBE281 /* ViewController.swift */,
				D1710C0719EC73DC00DBE281 /* Main.storyboard */,
				D1710C0A19EC73DC00DBE281 /* Images.xcassets */,
				D1710C0C19EC73DC00DBE281 /* LaunchScreen.xib */,
				D1710C0119EC73DC00DBE281 /* Supporting Files */,
				D139242019F305630055FFD7 /* LoginVC.swift */,
				D139242219F307590055FFD7 /* SignupVC.swift */,
			);
			path = StudyBuddy;
			sourceTree = "<group>";
		};
		D1710C0119EC73DC00DBE281 /* Supporting Files */ = {
			isa = PBXGroup;
			children = (
				D1710C0219EC73DC00DBE281 /* Info.plist */,
			);
			name = "Supporting Files";
			sourceTree = "<group>";
		};
		D1710C1619EC73DC00DBE281 /* StudyBuddyTests */ = {
			isa = PBXGroup;
			children = (
				D1710C1919EC73DC00DBE281 /* StudyBuddyTests.swift */,
				D1710C1719EC73DC00DBE281 /* Supporting Files */,
			);
			path = StudyBuddyTests;
			sourceTree = "<group>";
		};
		D1710C1719EC73DC00DBE281 /* Supporting Files */ = {
			isa = PBXGroup;
			children = (
				D1710C1819EC73DC00DBE281 /* Info.plist */,
			);
			name = "Supporting Files";
			sourceTree = "<group>";
		};
/* End PBXGroup section */

/* Begin PBXNativeTarget section */
		D1710BFD19EC73DC00DBE281 /* StudyBuddy */ = {
			isa = PBXNativeTarget;
			buildConfigurationList = D1710C1D19EC73DC00DBE281 /* Build configuration list for PBXNativeTarget "StudyBuddy" */;
			buildPhases = (
				D1710BFA19EC73DC00DBE281 /* Sources */,
				D1710BFB19EC73DC00DBE281 /* Frameworks */,
				D1710BFC19EC73DC00DBE281 /* Resources */,
			);
			buildRules = (
			);
			dependencies = (
			);
			name = StudyBuddy;
			productName = StudyBuddy;
			productReference = D1710BFE19EC73DC00DBE281 /* StudyBuddy.app */;
			productType = "com.apple.product-type.application";
		};
		D1710C1219EC73DC00DBE281 /* StudyBuddyTests */ = {
			isa = PBXNativeTarget;
			buildConfigurationList = D1710C2019EC73DC00DBE281 /* Build configuration list for PBXNativeTarget "StudyBuddyTests" */;
			buildPhases = (
				D1710C0F19EC73DC00DBE281 /* Sources */,
				D1710C1019EC73DC00DBE281 /* Frameworks */,
				D1710C1119EC73DC00DBE281 /* Resources */,
			);
			buildRules = (
			);
			dependencies = (
				D1710C1519EC73DC00DBE281 /* PBXTargetDependency */,
			);
			name = StudyBuddyTests;
			productName = StudyBuddyTests;
			productReference = D1710C1319EC73DC00DBE281 /* StudyBuddyTests.xctest */;
			productType = "com.apple.product-type.bundle.unit-test";
		};
/* End PBXNativeTarget section */

/* Begin PBXProject section */
		D1710BF619EC73DC00DBE281 /* Project object */ = {
			isa = PBXProject;
			attributes = {
				LastUpgradeCheck = 0600;
				ORGANIZATIONNAME = "Moez Hudda";
				TargetAttributes = {
					D1710BFD19EC73DC00DBE281 = {
						CreatedOnToolsVersion = 6.0.1;
					};
					D1710C1219EC73DC00DBE281 = {
						CreatedOnToolsVersion = 6.0.1;
						TestTargetID = D1710BFD19EC73DC00DBE281;
					};
				};
			};
			buildConfigurationList = D1710BF919EC73DC00DBE281 /* Build configuration list for PBXProject "StudyBuddy" */;
			compatibilityVersion = "Xcode 3.2";
			developmentRegion = English;
			hasScannedForEncodings = 0;
			knownRegions = (
				en,
				Base,
			);
			mainGroup = D1710BF519EC73DC00DBE281;
			productRefGroup = D1710BFF19EC73DC00DBE281 /* Products */;
			projectDirPath = "";
			projectRoot = "";
			targets = (
				D1710BFD19EC73DC00DBE281 /* StudyBuddy */,
				D1710C1219EC73DC00DBE281 /* StudyBuddyTests */,
			);
		};
/* End PBXProject section */

/* Begin PBXResourcesBuildPhase section */
		D1710BFC19EC73DC00DBE281 /* Resources */ = {
			isa = PBXResourcesBuildPhase;
			buildActionMask = 2147483647;
			files = (
				D1710C0919EC73DC00DBE281 /* Main.storyboard in Resources */,
				D1710C0E19EC73DC00DBE281 /* LaunchScreen.xib in Resources */,
				D1710C0B19EC73DC00DBE281 /* Images.xcassets in Resources */,
			);
			runOnlyForDeploymentPostprocessing = 0;
		};
		D1710C1119EC73DC00DBE281 /* Resources */ = {
			isa = PBXResourcesBuildPhase;
			buildActionMask = 2147483647;
			files = (
			);
			runOnlyForDeploymentPostprocessing = 0;
		};
/* End PBXResourcesBuildPhase section */

/* Begin PBXSourcesBuildPhase section */
		D1710BFA19EC73DC00DBE281 /* Sources */ = {
			isa = PBXSourcesBuildPhase;
			buildActionMask = 2147483647;
			files = (
				D139242319F307590055FFD7 /* SignupVC.swift in Sources */,
				D1710C0619EC73DC00DBE281 /* ViewController.swift in Sources */,
				D1710C0419EC73DC00DBE281 /* AppDelegate.swift in Sources */,
				D139242119F305630055FFD7 /* LoginVC.swift in Sources */,
			);
			runOnlyForDeploymentPostprocessing = 0;
		};
		D1710C0F19EC73DC00DBE281 /* Sources */ = {
			isa = PBXSourcesBuildPhase;
			buildActionMask = 2147483647;
			files = (
				D1710C1A19EC73DC00DBE281 /* StudyBuddyTests.swift in Sources */,
			);
			runOnlyForDeploymentPostprocessing = 0;
		};
/* End PBXSourcesBuildPhase section */

/* Begin PBXTargetDependency section */
		D1710C1519EC73DC00DBE281 /* PBXTargetDependency */ = {
			isa = PBXTargetDependency;
			target = D1710BFD19EC73DC00DBE281 /* StudyBuddy */;
			targetProxy = D1710C1419EC73DC00DBE281 /* PBXContainerItemProxy */;
		};
/* End PBXTargetDependency section */

/* Begin PBXVariantGroup section */
		D1710C0719EC73DC00DBE281 /* Main.storyboard */ = {
			isa = PBXVariantGroup;
			children = (
				D1710C0819EC73DC00DBE281 /* Base */,
			);
			name = Main.storyboard;
			sourceTree = "<group>";
		};
		D1710C0C19EC73DC00DBE281 /* LaunchScreen.xib */ = {
			isa = PBXVariantGroup;
			children = (
				D1710C0D19EC73DC00DBE281 /* Base */,
			);
			name = LaunchScreen.xib;
			sourceTree = "<group>";
		};
/* End PBXVariantGroup section */

/* Begin XCBuildConfiguration section */
		D1710C1B19EC73DC00DBE281 /* Debug */ = {
			isa = XCBuildConfiguration;
			buildSettings = {
				ALWAYS_SEARCH_USER_PATHS = NO;
				CLANG_CXX_LANGUAGE_STANDARD = "gnu++0x";
				CLANG_CXX_LIBRARY = "libc++";
				CLANG_ENABLE_MODULES = YES;
				CLANG_ENABLE_OBJC_ARC = YES;
				CLANG_WARN_BOOL_CONVERSION = YES;
				CLANG_WARN_CONSTANT_CONVERSION = YES;
				CLANG_WARN_DIRECT_OBJC_ISA_USAGE = YES_ERROR;
				CLANG_WARN_EMPTY_BODY = YES;
				CLANG_WARN_ENUM_CONVERSION = YES;
				CLANG_WARN_INT_CONVERSION = YES;
				CLANG_WARN_OBJC_ROOT_CLASS = YES_ERROR;
				CLANG_WARN_UNREACHABLE_CODE = YES;
				CLANG_WARN__DUPLICATE_METHOD_MATCH = YES;
				"CODE_SIGN_IDENTITY[sdk=iphoneos*]" = "iPhone Developer";
				COPY_PHASE_STRIP = NO;
				ENABLE_STRICT_OBJC_MSGSEND = YES;
				GCC_C_LANGUAGE_STANDARD = gnu99;
				GCC_DYNAMIC_NO_PIC = NO;
				GCC_OPTIMIZATION_LEVEL = 0;
				GCC_PREPROCESSOR_DEFINITIONS = (
					"DEBUG=1",
					"$(inherited)",
				);
				GCC_SYMBOLS_PRIVATE_EXTERN = NO;
				GCC_WARN_64_TO_32_BIT_CONVERSION = YES;
				GCC_WARN_ABOUT_RETURN_TYPE = YES_ERROR;
				GCC_WARN_UNDECLARED_SELECTOR = YES;
				GCC_WARN_UNINITIALIZED_AUTOS = YES_AGGRESSIVE;
				GCC_WARN_UNUSED_FUNCTION = YES;
				GCC_WARN_UNUSED_VARIABLE = YES;
				IPHONEOS_DEPLOYMENT_TARGET = 8.0;
				MTL_ENABLE_DEBUG_INFO = YES;
				ONLY_ACTIVE_ARCH = YES;
				SDKROOT = iphoneos;
				SWIFT_OPTIMIZATION_LEVEL = "-Onone";
				TARGETED_DEVICE_FAMILY = "1,2";
			};
			name = Debug;
		};
		D1710C1C19EC73DC00DBE281 /* Release */ = {
			isa = XCBuildConfiguration;
			buildSettings = {
				ALWAYS_SEARCH_USER_PATHS = NO;
				CLANG_CXX_LANGUAGE_STANDARD = "gnu++0x";
				CLANG_CXX_LIBRARY = "libc++";
				CLANG_ENABLE_MODULES = YES;
				CLANG_ENABLE_OBJC_ARC = YES;
				CLANG_WARN_BOOL_CONVERSION = YES;
				CLANG_WARN_CONSTANT_CONVERSION = YES;
				CLANG_WARN_DIRECT_OBJC_ISA_USAGE = YES_ERROR;
				CLANG_WARN_EMPTY_BODY = YES;
				CLANG_WARN_ENUM_CONVERSION = YES;
				CLANG_WARN_INT_CONVERSION = YES;
				CLANG_WARN_OBJC_ROOT_CLASS = YES_ERROR;
				CLANG_WARN_UNREACHABLE_CODE = YES;
				CLANG_WARN__DUPLICATE_METHOD_MATCH = YES;
				"CODE_SIGN_IDENTITY[sdk=iphoneos*]" = "iPhone Developer";
				COPY_PHASE_STRIP = YES;
				ENABLE_NS_ASSERTIONS = NO;
				ENABLE_STRICT_OBJC_MSGSEND = YES;
				GCC_C_LANGUAGE_STANDARD = gnu99;
				GCC_WARN_64_TO_32_BIT_CONVERSION = YES;
				GCC_WARN_ABOUT_RETURN_TYPE = YES_ERROR;
				GCC_WARN_UNDECLARED_SELECTOR = YES;
				GCC_WARN_UNINITIALIZED_AUTOS = YES_AGGRESSIVE;
				GCC_WARN_UNUSED_FUNCTION = YES;
				GCC_WARN_UNUSED_VARIABLE = YES;
				IPHONEOS_DEPLOYMENT_TARGET = 8.0;
				MTL_ENABLE_DEBUG_INFO = NO;
				SDKROOT = iphoneos;
				TARGETED_DEVICE_FAMILY = "1,2";
				VALIDATE_PRODUCT = YES;
			};
			name = Release;
		};
		D1710C1E19EC73DC00DBE281 /* Debug */ = {
			isa = XCBuildConfiguration;
			buildSettings = {
				ASSETCATALOG_COMPILER_APPICON_NAME = AppIcon;
				INFOPLIST_FILE = StudyBuddy/Info.plist;
				LD_RUNPATH_SEARCH_PATHS = "$(inherited) @executable_path/Frameworks";
				PRODUCT_NAME = "$(TARGET_NAME)";
			};
			name = Debug;
		};
		D1710C1F19EC73DC00DBE281 /* Release */ = {
			isa = XCBuildConfiguration;
			buildSettings = {
				ASSETCATALOG_COMPILER_APPICON_NAME = AppIcon;
				INFOPLIST_FILE = StudyBuddy/Info.plist;
				LD_RUNPATH_SEARCH_PATHS = "$(inherited) @executable_path/Frameworks";
				PRODUCT_NAME = "$(TARGET_NAME)";
			};
			name = Release;
		};
		D1710C2119EC73DC00DBE281 /* Debug */ = {
			isa = XCBuildConfiguration;
			buildSettings = {
				BUNDLE_LOADER = "$(TEST_HOST)";
				FRAMEWORK_SEARCH_PATHS = (
					"$(SDKROOT)/Developer/Library/Frameworks",
					"$(inherited)",
				);
				GCC_PREPROCESSOR_DEFINITIONS = (
					"DEBUG=1",
					"$(inherited)",
				);
				INFOPLIST_FILE = StudyBuddyTests/Info.plist;
				LD_RUNPATH_SEARCH_PATHS = "$(inherited) @executable_path/Frameworks @loader_path/Frameworks";
				PRODUCT_NAME = "$(TARGET_NAME)";
				TEST_HOST = "$(BUILT_PRODUCTS_DIR)/StudyBuddy.app/StudyBuddy";
			};
			name = Debug;
		};
		D1710C2219EC73DC00DBE281 /* Release */ = {
			isa = XCBuildConfiguration;
			buildSettings = {
				BUNDLE_LOADER = "$(TEST_HOST)";
				FRAMEWORK_SEARCH_PATHS = (
					"$(SDKROOT)/Developer/Library/Frameworks",
					"$(inherited)",
				);
				INFOPLIST_FILE = StudyBuddyTests/Info.plist;
				LD_RUNPATH_SEARCH_PATHS = "$(inherited) @executable_path/Frameworks @loader_path/Frameworks";
				PRODUCT_NAME = "$(TARGET_NAME)";
				TEST_HOST = "$(BUILT_PRODUCTS_DIR)/StudyBuddy.app/StudyBuddy";
			};
			name = Release;
		};
/* End XCBuildConfiguration section */

/* Begin XCConfigurationList section */
		D1710BF919EC73DC00DBE281 /* Build configuration list for PBXProject "StudyBuddy" */ = {
			isa = XCConfigurationList;
			buildConfigurations = (
				D1710C1B19EC73DC00DBE281 /* Debug */,
				D1710C1C19EC73DC00DBE281 /* Release */,
			);
			defaultConfigurationIsVisible = 0;
			defaultConfigurationName = Release;
		};
		D1710C1D19EC73DC00DBE281 /* Build configuration list for PBXNativeTarget "StudyBuddy" */ = {
			isa = XCConfigurationList;
			buildConfigurations = (
				D1710C1E19EC73DC00DBE281 /* Debug */,
				D1710C1F19EC73DC00DBE281 /* Release */,
			);
			defaultConfigurationIsVisible = 0;
			defaultConfigurationName = Release;
		};
		D1710C2019EC73DC00DBE281 /* Build configuration list for PBXNativeTarget "StudyBuddyTests" */ = {
			isa = XCConfigurationList;
			buildConfigurations = (
				D1710C2119EC73DC00DBE281 /* Debug */,
				D1710C2219EC73DC00DBE281 /* Release */,
			);
			defaultConfigurationIsVisible = 0;
			defaultConfigurationName = Release;
		};
/* End XCConfigurationList section */
	};
	rootObject = D1710BF619EC73DC00DBE281 /* Project object */;
}
